
Microsoft Visual Studio Solution File, Format Version 12.00
# Visual Studio Version 17
VisualStudioVersion = 17.9.34616.47
MinimumVisualStudioVersion = 10.0.40219.1
Project("{FAE04EC0-301F-11D3-BF4B-00C04F79EFBC}") = "Prueba 2 Factor", "Prueba 2 Factor\Prueba 2 Factor.csproj", "{5D2F1C55-065E-4B2E-A70E-E3D46797FB27}"
EndProject
Global
	GlobalSection(SolutionConfigurationPlatforms) = preSolution
		Debug|Any CPU = Debug|Any CPU
		Release|Any CPU = Release|Any CPU
	EndGlobalSection
	GlobalSection(ProjectConfigurationPlatforms) = postSolution
		{5D2F1C55-065E-4B2E-A70E-E3D46797FB27}.Debug|Any CPU.ActiveCfg = Debug|Any CPU
		{5D2F1C55-065E-4B2E-A70E-E3D46797FB27}.Debug|Any CPU.Build.0 = Debug|Any CPU
		{5D2F1C55-065E-4B2E-A70E-E3D46797FB27}.Release|Any CPU.ActiveCfg = Release|Any CPU
		{5D2F1C55-065E-4B2E-A70E-E3D46797FB27}.Release|Any CPU.Build.0 = Release|Any CPU
	EndGlobalSection
	GlobalSection(SolutionProperties) = preSolution
		HideSolutionNode = FALSE
	EndGlobalSection
	GlobalSection(ExtensibilityGlobals) = postSolution
		SolutionGuid = {2A16C34E-622E-47FE-8230-8D556BF60D5D}
	EndGlobalSection
EndGlobal
